// !$*UTF8*$!
{
	archiveVersion = 1;
	classes = {
	};
	objectVersion = 46;
	objects = {

/* Begin PBXBuildFile section */
		F18915D01B9FF4ED00E6B951 /* main.m in Sources */ = {isa = PBXBuildFile; fileRef = F18915CF1B9FF4ED00E6B951 /* main.m */; };
		F18915D31B9FF4ED00E6B951 /* AppDelegate.m in Sources */ = {isa = PBXBuildFile; fileRef = F18915D21B9FF4ED00E6B951 /* AppDelegate.m */; };
		F18915D61B9FF4ED00E6B951 /* ViewController.m in Sources */ = {isa = PBXBuildFile; fileRef = F18915D51B9FF4ED00E6B951 /* ViewController.m */; };
		F18915D91B9FF4ED00E6B951 /* Main.storyboard in Resources */ = {isa = PBXBuildFile; fileRef = F18915D71B9FF4ED00E6B951 /* Main.storyboard */; };
		F18915DB1B9FF4ED00E6B951 /* Images.xcassets in Resources */ = {isa = PBXBuildFile; fileRef = F18915DA1B9FF4ED00E6B951 /* Images.xcassets */; };
		F18915DE1B9FF4ED00E6B951 /* LaunchScreen.xib in Resources */ = {isa = PBXBuildFile; fileRef = F18915DC1B9FF4ED00E6B951 /* LaunchScreen.xib */; };
		F18915EA1B9FF4ED00E6B951 /* IOS_httpTests.m in Sources */ = {isa = PBXBuildFile; fileRef = F18915E91B9FF4ED00E6B951 /* IOS_httpTests.m */; };
		F18915F61B9FF52D00E6B951 /* RefreshViewController.m in Sources */ = {isa = PBXBuildFile; fileRef = F18915F51B9FF52D00E6B951 /* RefreshViewController.m */; };
/* End PBXBuildFile section */

/* Begin PBXContainerItemProxy section */
		F18915E41B9FF4ED00E6B951 /* PBXContainerItemProxy */ = {
			isa = PBXContainerItemProxy;
			containerPortal = F18915C21B9FF4ED00E6B951 /* Project object */;
			proxyType = 1;
			remoteGlobalIDString = F18915C91B9FF4ED00E6B951;
			remoteInfo = IOS_http;
		};
/* End PBXContainerItemProxy section */

/* Begin PBXFileReference section */
		F18915CA1B9FF4ED00E6B951 /* IOS_http.app */ = {isa = PBXFileReference; explicitFileType = wrapper.application; includeInIndex = 0; path = IOS_http.app; sourceTree = BUILT_PRODUCTS_DIR; };
		F18915CE1B9FF4ED00E6B951 /* Info.plist */ = {isa = PBXFileReference; lastKnownFileType = text.plist.xml; path = Info.plist; sourceTree = "<group>"; };
		F18915CF1B9FF4ED00E6B951 /* main.m */ = {isa = PBXFileReference; lastKnownFileType = sourcecode.c.objc; path = main.m; sourceTree = "<group>"; };
		F18915D11B9FF4ED00E6B951 /* AppDelegate.h */ = {isa = PBXFileReference; lastKnownFileType = sourcecode.c.h; path = AppDelegate.h; sourceTree = "<group>"; };
		F18915D21B9FF4ED00E6B951 /* AppDelegate.m */ = {isa = PBXFileReference; lastKnownFileType = sourcecode.c.objc; path = AppDelegate.m; sourceTree = "<group>"; };
		F18915D41B9FF4ED00E6B951 /* ViewController.h */ = {isa = PBXFileReference; lastKnownFileType = sourcecode.c.h; path = ViewController.h; sourceTree = "<group>"; };
		F18915D51B9FF4ED00E6B951 /* ViewController.m */ = {isa = PBXFileReference; lastKnownFileType = sourcecode.c.objc; path = ViewController.m; sourceTree = "<group>"; };
		F18915D81B9FF4ED00E6B951 /* Base */ = {isa = PBXFileReference; lastKnownFileType = file.storyboard; name = Base; path = Base.lproj/Main.storyboard; sourceTree = "<group>"; };
		F18915DA1B9FF4ED00E6B951 /* Images.xcassets */ = {isa = PBXFileReference; lastKnownFileType = folder.assetcatalog; path = Images.xcassets; sourceTree = "<group>"; };
		F18915DD1B9FF4ED00E6B951 /* Base */ = {isa = PBXFileReference; lastKnownFileType = file.xib; name = Base; path = Base.lproj/LaunchScreen.xib; sourceTree = "<group>"; };
		F18915E31B9FF4ED00E6B951 /* IOS_httpTests.xctest */ = {isa = PBXFileReference; explicitFileType = wrapper.cfbundle; includeInIndex = 0; path = IOS_httpTests.xctest; sourceTree = BUILT_PRODUCTS_DIR; };
		F18915E81B9FF4ED00E6B951 /* Info.plist */ = {isa = PBXFileReference; lastKnownFileType = text.plist.xml; path = Info.plist; sourceTree = "<group>"; };
		F18915E91B9FF4ED00E6B951 /* IOS_httpTests.m */ = {isa = PBXFileReference; lastKnownFileType = sourcecode.c.objc; path = IOS_httpTests.m; sourceTree = "<group>"; };
		F18915F41B9FF52D00E6B951 /* RefreshViewController.h */ = {isa = PBXFileReference; fileEncoding = 4; lastKnownFileType = sourcecode.c.h; path = RefreshViewController.h; sourceTree = "<group>"; };
		F18915F51B9FF52D00E6B951 /* RefreshViewController.m */ = {isa = PBXFileReference; fileEncoding = 4; lastKnownFileType = sourcecode.c.objc; path = RefreshViewController.m; sourceTree = "<group>"; };
/* End PBXFileReference section */

/* Begin PBXFrameworksBuildPhase section */
		F18915C71B9FF4ED00E6B951 /* Frameworks */ = {
			isa = PBXFrameworksBuildPhase;
			buildActionMask = 2147483647;
			files = (
			);
			runOnlyForDeploymentPostprocessing = 0;
		};
		F18915E01B9FF4ED00E6B951 /* Frameworks */ = {
			isa = PBXFrameworksBuildPhase;
			buildActionMask = 2147483647;
			files = (
			);
			runOnlyForDeploymentPostprocessing = 0;
		};
/* End PBXFrameworksBuildPhase section */

/* Begin PBXGroup section */
		F18915C11B9FF4ED00E6B951 = {
			isa = PBXGroup;
			children = (
				F18915CC1B9FF4ED00E6B951 /* IOS_http */,
				F18915E61B9FF4ED00E6B951 /* IOS_httpTests */,
				F18915CB1B9FF4ED00E6B951 /* Products */,
			);
			sourceTree = "<group>";
		};
		F18915CB1B9FF4ED00E6B951 /* Products */ = {
			isa = PBXGroup;
			children = (
				F18915CA1B9FF4ED00E6B951 /* IOS_http.app */,
				F18915E31B9FF4ED00E6B951 /* IOS_httpTests.xctest */,
			);
			name = Products;
			sourceTree = "<group>";
		};
		F18915CC1B9FF4ED00E6B951 /* IOS_http */ = {
			isa = PBXGroup;
			children = (
				F18915F31B9FF4F900E6B951 /* 刷流量 */,
				F18915D11B9FF4ED00E6B951 /* AppDelegate.h */,
				F18915D21B9FF4ED00E6B951 /* AppDelegate.m */,
				F18915D41B9FF4ED00E6B951 /* ViewController.h */,
				F18915D51B9FF4ED00E6B951 /* ViewController.m */,
				F18915D71B9FF4ED00E6B951 /* Main.storyboard */,
				F18915DA1B9FF4ED00E6B951 /* Images.xcassets */,
				F18915DC1B9FF4ED00E6B951 /* LaunchScreen.xib */,
				F18915CD1B9FF4ED00E6B951 /* Supporting Files */,
			);
			path = IOS_http;
			sourceTree = "<group>";
		};
		F18915CD1B9FF4ED00E6B951 /* Supporting Files */ = {
			isa = PBXGroup;
			children = (
				F18915CE1B9FF4ED00E6B951 /* Info.plist */,
				F18915CF1B9FF4ED00E6B951 /* main.m */,
			);
			name = "Supporting Files";
			sourceTree = "<group>";
		};
		F18915E61B9FF4ED00E6B951 /* IOS_httpTests */ = {
			isa = PBXGroup;
			children = (
				F18915E91B9FF4ED00E6B951 /* IOS_httpTests.m */,
				F18915E71B9FF4ED00E6B951 /* Supporting Files */,
			);
			path = IOS_httpTests;
			sourceTree = "<group>";
		};
		F18915E71B9FF4ED00E6B951 /* Supporting Files */ = {
			isa = PBXGroup;
			children = (
				F18915E81B9FF4ED00E6B951 /* Info.plist */,
			);
			name = "Supporting Files";
			sourceTree = "<group>";
		};
		F18915F31B9FF4F900E6B951 /* 刷流量 */ = {
			isa = PBXGroup;
			children = (
				F18915F41B9FF52D00E6B951 /* RefreshViewController.h */,
				F18915F51B9FF52D00E6B951 /* RefreshViewController.m */,
			);
			name = "刷流量";
			sourceTree = "<group>";
		};
/* End PBXGroup section */

/* Begin PBXNativeTarget section */
		F18915C91B9FF4ED00E6B951 /* IOS_http */ = {
			isa = PBXNativeTarget;
			buildConfigurationList = F18915ED1B9FF4ED00E6B951 /* Build configuration list for PBXNativeTarget "IOS_http" */;
			buildPhases = (
				F18915C61B9FF4ED00E6B951 /* Sources */,
				F18915C71B9FF4ED00E6B951 /* Frameworks */,
				F18915C81B9FF4ED00E6B951 /* Resources */,
			);
			buildRules = (
			);
			dependencies = (
			);
			name = IOS_http;
			productName = IOS_http;
			productReference = F18915CA1B9FF4ED00E6B951 /* IOS_http.app */;
			productType = "com.apple.product-type.application";
		};
		F18915E21B9FF4ED00E6B951 /* IOS_httpTests */ = {
			isa = PBXNativeTarget;
			buildConfigurationList = F18915F01B9FF4ED00E6B951 /* Build configuration list for PBXNativeTarget "IOS_httpTests" */;
			buildPhases = (
				F18915DF1B9FF4ED00E6B951 /* Sources */,
				F18915E01B9FF4ED00E6B951 /* Frameworks */,
				F18915E11B9FF4ED00E6B951 /* Resources */,
			);
			buildRules = (
			);
			dependencies = (
				F18915E51B9FF4ED00E6B951 /* PBXTargetDependency */,
			);
			name = IOS_httpTests;
			productName = IOS_httpTests;
			productReference = F18915E31B9FF4ED00E6B951 /* IOS_httpTests.xctest */;
			productType = "com.apple.product-type.bundle.unit-test";
		};
/* End PBXNativeTarget section */

/* Begin PBXProject section */
		F18915C21B9FF4ED00E6B951 /* Project object */ = {
			isa = PBXProject;
			attributes = {
				LastUpgradeCheck = 0640;
				ORGANIZATIONNAME = LYD;
				TargetAttributes = {
					F18915C91B9FF4ED00E6B951 = {
						CreatedOnToolsVersion = 6.4;
					};
					F18915E21B9FF4ED00E6B951 = {
						CreatedOnToolsVersion = 6.4;
						TestTargetID = F18915C91B9FF4ED00E6B951;
					};
				};
			};
			buildConfigurationList = F18915C51B9FF4ED00E6B951 /* Build configuration list for PBXProject "IOS_http" */;
			compatibilityVersion = "Xcode 3.2";
			developmentRegion = English;
			hasScannedForEncodings = 0;
			knownRegions = (
				en,
				Base,
			);
			mainGroup = F18915C11B9FF4ED00E6B951;
			productRefGroup = F18915CB1B9FF4ED00E6B951 /* Products */;
			projectDirPath = "";
			projectRoot = "";
			targets = (
				F18915C91B9FF4ED00E6B951 /* IOS_http */,
				F18915E21B9FF4ED00E6B951 /* IOS_httpTests */,
			);
		};
/* End PBXProject section */

/* Begin PBXResourcesBuildPhase section */
		F18915C81B9FF4ED00E6B951 /* Resources */ = {
			isa = PBXResourcesBuildPhase;
			buildActionMask = 2147483647;
			files = (
				F18915D91B9FF4ED00E6B951 /* Main.storyboard in Resources */,
				F18915DE1B9FF4ED00E6B951 /* LaunchScreen.xib in Resources */,
				F18915DB1B9FF4ED00E6B951 /* Images.xcassets in Resources */,
			);
			runOnlyForDeploymentPostprocessing = 0;
		};
		F18915E11B9FF4ED00E6B951 /* Resources */ = {
			isa = PBXResourcesBuildPhase;
			buildActionMask = 2147483647;
			files = (
			);
			runOnlyForDeploymentPostprocessing = 0;
		};
/* End PBXResourcesBuildPhase section */

/* Begin PBXSourcesBuildPhase section */
		F18915C61B9FF4ED00E6B951 /* Sources */ = {
			isa = PBXSourcesBuildPhase;
			buildActionMask = 2147483647;
			files = (
				F18915F61B9FF52D00E6B951 /* RefreshViewController.m in Sources */,
				F18915D61B9FF4ED00E6B951 /* ViewController.m in Sources */,
				F18915D31B9FF4ED00E6B951 /* AppDelegate.m in Sources */,
				F18915D01B9FF4ED00E6B951 /* main.m in Sources */,
			);
			runOnlyForDeploymentPostprocessing = 0;
		};
		F18915DF1B9FF4ED00E6B951 /* Sources */ = {
			isa = PBXSourcesBuildPhase;
			buildActionMask = 2147483647;
			files = (
				F18915EA1B9FF4ED00E6B951 /* IOS_httpTests.m in Sources */,
			);
			runOnlyForDeploymentPostprocessing = 0;
		};
/* End PBXSourcesBuildPhase section */

/* Begin PBXTargetDependency section */
		F18915E51B9FF4ED00E6B951 /* PBXTargetDependency */ = {
			isa = PBXTargetDependency;
			target = F18915C91B9FF4ED00E6B951 /* IOS_http */;
			targetProxy = F18915E41B9FF4ED00E6B951 /* PBXContainerItemProxy */;
		};
/* End PBXTargetDependency section */

/* Begin PBXVariantGroup section */
		F18915D71B9FF4ED00E6B951 /* Main.storyboard */ = {
			isa = PBXVariantGroup;
			children = (
				F18915D81B9FF4ED00E6B951 /* Base */,
			);
			name = Main.storyboard;
			sourceTree = "<group>";
		};
		F18915DC1B9FF4ED00E6B951 /* LaunchScreen.xib */ = {
			isa = PBXVariantGroup;
			children = (
				F18915DD1B9FF4ED00E6B951 /* Base */,
			);
			name = LaunchScreen.xib;
			sourceTree = "<group>";
		};
/* End PBXVariantGroup section */

/* Begin XCBuildConfiguration section */
		F18915EB1B9FF4ED00E6B951 /* Debug */ = {
			isa = XCBuildConfiguration;
			buildSettings = {
				ALWAYS_SEARCH_USER_PATHS = NO;
				CLANG_CXX_LANGUAGE_STANDARD = "gnu++0x";
				CLANG_CXX_LIBRARY = "libc++";
				CLANG_ENABLE_MODULES = YES;
				CLANG_ENABLE_OBJC_ARC = YES;
				CLANG_WARN_BOOL_CONVERSION = YES;
				CLANG_WARN_CONSTANT_CONVERSION = YES;
				CLANG_WARN_DIRECT_OBJC_ISA_USAGE = YES_ERROR;
				CLANG_WARN_EMPTY_BODY = YES;
				CLANG_WARN_ENUM_CONVERSION = YES;
				CLANG_WARN_INT_CONVERSION = YES;
				CLANG_WARN_OBJC_ROOT_CLASS = YES_ERROR;
				CLANG_WARN_UNREACHABLE_CODE = YES;
				CLANG_WARN__DUPLICATE_METHOD_MATCH = YES;
				"CODE_SIGN_IDENTITY[sdk=iphoneos*]" = "iPhone Developer";
				COPY_PHASE_STRIP = NO;
				DEBUG_INFORMATION_FORMAT = "dwarf-with-dsym";
				ENABLE_STRICT_OBJC_MSGSEND = YES;
				GCC_C_LANGUAGE_STANDARD = gnu99;
				GCC_DYNAMIC_NO_PIC = NO;
				GCC_NO_COMMON_BLOCKS = YES;
				GCC_OPTIMIZATION_LEVEL = 0;
				GCC_PREPROCESSOR_DEFINITIONS = (
					"DEBUG=1",
					"$(inherited)",
				);
				GCC_SYMBOLS_PRIVATE_EXTERN = NO;
				GCC_WARN_64_TO_32_BIT_CONVERSION = YES;
				GCC_WARN_ABOUT_RETURN_TYPE = YES_ERROR;
				GCC_WARN_UNDECLARED_SELECTOR = YES;
				GCC_WARN_UNINITIALIZED_AUTOS = YES_AGGRESSIVE;
				GCC_WARN_UNUSED_FUNCTION = YES;
				GCC_WARN_UNUSED_VARIABLE = YES;
				IPHONEOS_DEPLOYMENT_TARGET = 8.4;
				MTL_ENABLE_DEBUG_INFO = YES;
				ONLY_ACTIVE_ARCH = YES;
				SDKROOT = iphoneos;
				TARGETED_DEVICE_FAMILY = "1,2";
			};
			name = Debug;
		};
		F18915EC1B9FF4ED00E6B951 /* Release */ = {
			isa = XCBuildConfiguration;
			buildSettings = {
				ALWAYS_SEARCH_USER_PATHS = NO;
				CLANG_CXX_LANGUAGE_STANDARD = "gnu++0x";
				CLANG_CXX_LIBRARY = "libc++";
				CLANG_ENABLE_MODULES = YES;
				CLANG_ENABLE_OBJC_ARC = YES;
				CLANG_WARN_BOOL_CONVERSION = YES;
				CLANG_WARN_CONSTANT_CONVERSION = YES;
				CLANG_WARN_DIRECT_OBJC_ISA_USAGE = YES_ERROR;
				CLANG_WARN_EMPTY_BODY = YES;
				CLANG_WARN_ENUM_CONVERSION = YES;
				CLANG_WARN_INT_CONVERSION = YES;
				CLANG_WARN_OBJC_ROOT_CLASS = YES_ERROR;
				CLANG_WARN_UNREACHABLE_CODE = YES;
				CLANG_WARN__DUPLICATE_METHOD_MATCH = YES;
				"CODE_SIGN_IDENTITY[sdk=iphoneos*]" = "iPhone Developer";
				COPY_PHASE_STRIP = NO;
				DEBUG_INFORMATION_FORMAT = "dwarf-with-dsym";
				ENABLE_NS_ASSERTIONS = NO;
				ENABLE_STRICT_OBJC_MSGSEND = YES;
				GCC_C_LANGUAGE_STANDARD = gnu99;
				GCC_NO_COMMON_BLOCKS = YES;
				GCC_WARN_64_TO_32_BIT_CONVERSION = YES;
				GCC_WARN_ABOUT_RETURN_TYPE = YES_ERROR;
				GCC_WARN_UNDECLARED_SELECTOR = YES;
				GCC_WARN_UNINITIALIZED_AUTOS = YES_AGGRESSIVE;
				GCC_WARN_UNUSED_FUNCTION = YES;
				GCC_WARN_UNUSED_VARIABLE = YES;
				IPHONEOS_DEPLOYMENT_TARGET = 8.4;
				MTL_ENABLE_DEBUG_INFO = NO;
				SDKROOT = iphoneos;
				TARGETED_DEVICE_FAMILY = "1,2";
				VALIDATE_PRODUCT = YES;
			};
			name = Release;
		};
		F18915EE1B9FF4ED00E6B951 /* Debug */ = {
			isa = XCBuildConfiguration;
			buildSettings = {
				ASSETCATALOG_COMPILER_APPICON_NAME = AppIcon;
				INFOPLIST_FILE = IOS_http/Info.plist;
				LD_RUNPATH_SEARCH_PATHS = "$(inherited) @executable_path/Frameworks";
				PRODUCT_NAME = "$(TARGET_NAME)";
			};
			name = Debug;
		};
		F18915EF1B9FF4ED00E6B951 /* Release */ = {
			isa = XCBuildConfiguration;
			buildSettings = {
				ASSETCATALOG_COMPILER_APPICON_NAME = AppIcon;
				INFOPLIST_FILE = IOS_http/Info.plist;
				LD_RUNPATH_SEARCH_PATHS = "$(inherited) @executable_path/Frameworks";
				PRODUCT_NAME = "$(TARGET_NAME)";
			};
			name = Release;
		};
		F18915F11B9FF4ED00E6B951 /* Debug */ = {
			isa = XCBuildConfiguration;
			buildSettings = {
				BUNDLE_LOADER = "$(TEST_HOST)";
				FRAMEWORK_SEARCH_PATHS = (
					"$(SDKROOT)/Developer/Library/Frameworks",
					"$(inherited)",
				);
				GCC_PREPROCESSOR_DEFINITIONS = (
					"DEBUG=1",
					"$(inherited)",
				);
				INFOPLIST_FILE = IOS_httpTests/Info.plist;
				LD_RUNPATH_SEARCH_PATHS = "$(inherited) @executable_path/Frameworks @loader_path/Frameworks";
				PRODUCT_NAME = "$(TARGET_NAME)";
				TEST_HOST = "$(BUILT_PRODUCTS_DIR)/IOS_http.app/IOS_http";
			};
			name = Debug;
		};
		F18915F21B9FF4ED00E6B951 /* Release */ = {
			isa = XCBuildConfiguration;
			buildSettings = {
				BUNDLE_LOADER = "$(TEST_HOST)";
				FRAMEWORK_SEARCH_PATHS = (
					"$(SDKROOT)/Developer/Library/Frameworks",
					"$(inherited)",
				);
				INFOPLIST_FILE = IOS_httpTests/Info.plist;
				LD_RUNPATH_SEARCH_PATHS = "$(inherited) @executable_path/Frameworks @loader_path/Frameworks";
				PRODUCT_NAME = "$(TARGET_NAME)";
				TEST_HOST = "$(BUILT_PRODUCTS_DIR)/IOS_http.app/IOS_http";
			};
			name = Release;
		};
/* End XCBuildConfiguration section */

/* Begin XCConfigurationList section */
		F18915C51B9FF4ED00E6B951 /* Build configuration list for PBXProject "IOS_http" */ = {
			isa = XCConfigurationList;
			buildConfigurations = (
				F18915EB1B9FF4ED00E6B951 /* Debug */,
				F18915EC1B9FF4ED00E6B951 /* Release */,
			);
			defaultConfigurationIsVisible = 0;
			defaultConfigurationName = Release;
		};
		F18915ED1B9FF4ED00E6B951 /* Build configuration list for PBXNativeTarget "IOS_http" */ = {
			isa = XCConfigurationList;
			buildConfigurations = (
				F18915EE1B9FF4ED00E6B951 /* Debug */,
				F18915EF1B9FF4ED00E6B951 /* Release */,
			);
			defaultConfigurationIsVisible = 0;
		};
		F18915F01B9FF4ED00E6B951 /* Build configuration list for PBXNativeTarget "IOS_httpTests" */ = {
			isa = XCConfigurationList;
			buildConfigurations = (
				F18915F11B9FF4ED00E6B951 /* Debug */,
				F18915F21B9FF4ED00E6B951 /* Release */,
			);
			defaultConfigurationIsVisible = 0;
		};
/* End XCConfigurationList section */
	};
	rootObject = F18915C21B9FF4ED00E6B951 /* Project object */;
}
